
Microsoft Visual Studio Solution File, Format Version 12.00
# Visual Studio 15
VisualStudioVersion = 15.0.28307.902
MinimumVisualStudioVersion = 10.0.40219.1
Project("{8BC9CEB8-8B4A-11D0-8D11-00A0C91BC942}") = "VirtualMachineTest", "VirtualMachineTest\VirtualMachineTest.vcxproj", "{1B7D7424-D015-42FE-927D-98F2A4EEEF00}"
EndProject
Global
	GlobalSection(SolutionConfigurationPlatforms) = preSolution
		Debug|x64 = Debug|x64
		Debug|x86 = Debug|x86
		Release|x64 = Release|x64
		Release|x86 = Release|x86
	EndGlobalSection
	GlobalSection(ProjectConfigurationPlatforms) = postSolution
		{1B7D7424-D015-42FE-927D-98F2A4EEEF00}.Debug|x64.ActiveCfg = Debug|x64
		{1B7D7424-D015-42FE-927D-98F2A4EEEF00}.Debug|x64.Build.0 = Debug|x64
		{1B7D7424-D015-42FE-927D-98F2A4EEEF00}.Debug|x86.ActiveCfg = Debug|Win32
		{1B7D7424-D015-42FE-927D-98F2A4EEEF00}.Debug|x86.Build.0 = Debug|Win32
		{1B7D7424-D015-42FE-927D-98F2A4EEEF00}.Release|x64.ActiveCfg = Release|x64
		{1B7D7424-D015-42FE-927D-98F2A4EEEF00}.Release|x64.Build.0 = Release|x64
		{1B7D7424-D015-42FE-927D-98F2A4EEEF00}.Release|x86.ActiveCfg = Release|Win32
		{1B7D7424-D015-42FE-927D-98F2A4EEEF00}.Release|x86.Build.0 = Release|Win32
	EndGlobalSection
	GlobalSection(SolutionProperties) = preSolution
		HideSolutionNode = FALSE
	EndGlobalSection
	GlobalSection(ExtensibilityGlobals) = postSolution
		SolutionGuid = {62215B30-B632-45BD-80B1-73A3229EDA9C}
	EndGlobalSection
EndGlobal
